// !$*UTF8*$!
{
	archiveVersion = 1;
	classes = {
	};
	objectVersion = 46;
	objects = {

/* Begin PBXBuildFile section */
		384ED8631F3002CE00A9AA90 /* AppDelegate.swift in Sources */ = {isa = PBXBuildFile; fileRef = 384ED8621F3002CE00A9AA90 /* AppDelegate.swift */; };
		384ED8651F3002CE00A9AA90 /* ViewController.swift in Sources */ = {isa = PBXBuildFile; fileRef = 384ED8641F3002CE00A9AA90 /* ViewController.swift */; };
		384ED8671F3002CE00A9AA90 /* Assets.xcassets in Resources */ = {isa = PBXBuildFile; fileRef = 384ED8661F3002CE00A9AA90 /* Assets.xcassets */; };
		384ED86A1F3002CE00A9AA90 /* Main.storyboard in Resources */ = {isa = PBXBuildFile; fileRef = 384ED8681F3002CE00A9AA90 /* Main.storyboard */; };
/* End PBXBuildFile section */

/* Begin PBXFileReference section */
		384ED85F1F3002CE00A9AA90 /* GuessGame.app */ = {isa = PBXFileReference; explicitFileType = wrapper.application; includeInIndex = 0; path = GuessGame.app; sourceTree = BUILT_PRODUCTS_DIR; };
		384ED8621F3002CE00A9AA90 /* AppDelegate.swift */ = {isa = PBXFileReference; lastKnownFileType = sourcecode.swift; path = AppDelegate.swift; sourceTree = "<group>"; };
		384ED8641F3002CE00A9AA90 /* ViewController.swift */ = {isa = PBXFileReference; lastKnownFileType = sourcecode.swift; path = ViewController.swift; sourceTree = "<group>"; };
		384ED8661F3002CE00A9AA90 /* Assets.xcassets */ = {isa = PBXFileReference; lastKnownFileType = folder.assetcatalog; path = Assets.xcassets; sourceTree = "<group>"; };
		384ED8691F3002CE00A9AA90 /* Base */ = {isa = PBXFileReference; lastKnownFileType = file.storyboard; name = Base; path = Base.lproj/Main.storyboard; sourceTree = "<group>"; };
		384ED86B1F3002CE00A9AA90 /* Info.plist */ = {isa = PBXFileReference; lastKnownFileType = text.plist.xml; path = Info.plist; sourceTree = "<group>"; };
/* End PBXFileReference section */

/* Begin PBXFrameworksBuildPhase section */
		384ED85C1F3002CD00A9AA90 /* Frameworks */ = {
			isa = PBXFrameworksBuildPhase;
			buildActionMask = 2147483647;
			files = (
			);
			runOnlyForDeploymentPostprocessing = 0;
		};
/* End PBXFrameworksBuildPhase section */

/* Begin PBXGroup section */
		384ED8561F3002CD00A9AA90 = {
			isa = PBXGroup;
			children = (
				384ED8611F3002CE00A9AA90 /* GuessGame */,
				384ED8601F3002CE00A9AA90 /* Products */,
			);
			sourceTree = "<group>";
		};
		384ED8601F3002CE00A9AA90 /* Products */ = {
			isa = PBXGroup;
			children = (
				384ED85F1F3002CE00A9AA90 /* GuessGame.app */,
			);
			name = Products;
			sourceTree = "<group>";
		};
		384ED8611F3002CE00A9AA90 /* GuessGame */ = {
			isa = PBXGroup;
			children = (
				384ED8621F3002CE00A9AA90 /* AppDelegate.swift */,
				384ED8641F3002CE00A9AA90 /* ViewController.swift */,
				384ED8661F3002CE00A9AA90 /* Assets.xcassets */,
				384ED8681F3002CE00A9AA90 /* Main.storyboard */,
				384ED86B1F3002CE00A9AA90 /* Info.plist */,
			);
			path = GuessGame;
			sourceTree = "<group>";
		};
/* End PBXGroup section */

/* Begin PBXNativeTarget section */
		384ED85E1F3002CD00A9AA90 /* GuessGame */ = {
			isa = PBXNativeTarget;
			buildConfigurationList = 384ED86E1F3002CE00A9AA90 /* Build configuration list for PBXNativeTarget "GuessGame" */;
			buildPhases = (
				384ED85B1F3002CD00A9AA90 /* Sources */,
				384ED85C1F3002CD00A9AA90 /* Frameworks */,
				384ED85D1F3002CD00A9AA90 /* Resources */,
			);
			buildRules = (
			);
			dependencies = (
			);
			name = GuessGame;
			productName = GuessGame;
			productReference = 384ED85F1F3002CE00A9AA90 /* GuessGame.app */;
			productType = "com.apple.product-type.application";
		};
/* End PBXNativeTarget section */

/* Begin PBXProject section */
		384ED8571F3002CD00A9AA90 /* Project object */ = {
			isa = PBXProject;
			attributes = {
				LastSwiftUpdateCheck = 0830;
				LastUpgradeCheck = 0830;
				ORGANIZATIONNAME = kaiching;
				TargetAttributes = {
					384ED85E1F3002CD00A9AA90 = {
						CreatedOnToolsVersion = 8.3.3;
						DevelopmentTeam = F336DSZ4D9;
						ProvisioningStyle = Automatic;
					};
				};
			};
			buildConfigurationList = 384ED85A1F3002CD00A9AA90 /* Build configuration list for PBXProject "GuessGame" */;
			compatibilityVersion = "Xcode 3.2";
			developmentRegion = English;
			hasScannedForEncodings = 0;
			knownRegions = (
				en,
				Base,
			);
			mainGroup = 384ED8561F3002CD00A9AA90;
			productRefGroup = 384ED8601F3002CE00A9AA90 /* Products */;
			projectDirPath = "";
			projectRoot = "";
			targets = (
				384ED85E1F3002CD00A9AA90 /* GuessGame */,
			);
		};
/* End PBXProject section */

/* Begin PBXResourcesBuildPhase section */
		384ED85D1F3002CD00A9AA90 /* Resources */ = {
			isa = PBXResourcesBuildPhase;
			buildActionMask = 2147483647;
			files = (
				384ED8671F3002CE00A9AA90 /* Assets.xcassets in Resources */,
				384ED86A1F3002CE00A9AA90 /* Main.storyboard in Resources */,
			);
			runOnlyForDeploymentPostprocessing = 0;
		};
/* End PBXResourcesBuildPhase section */

/* Begin PBXSourcesBuildPhase section */
		384ED85B1F3002CD00A9AA90 /* Sources */ = {
			isa = PBXSourcesBuildPhase;
			buildActionMask = 2147483647;
			files = (
				384ED8651F3002CE00A9AA90 /* ViewController.swift in Sources */,
				384ED8631F3002CE00A9AA90 /* AppDelegate.swift in Sources */,
			);
			runOnlyForDeploymentPostprocessing = 0;
		};
/* End PBXSourcesBuildPhase section */

/* Begin PBXVariantGroup section */
		384ED8681F3002CE00A9AA90 /* Main.storyboard */ = {
			isa = PBXVariantGroup;
			children = (
				384ED8691F3002CE00A9AA90 /* Base */,
			);
			name = Main.storyboard;
			sourceTree = "<group>";
		};
/* End PBXVariantGroup section */

/* Begin XCBuildConfiguration section */
		384ED86C1F3002CE00A9AA90 /* Debug */ = {
			isa = XCBuildConfiguration;
			buildSettings = {
				ALWAYS_SEARCH_USER_PATHS = NO;
				CLANG_ANALYZER_NONNULL = YES;
				CLANG_ANALYZER_NUMBER_OBJECT_CONVERSION = YES_AGGRESSIVE;
				CLANG_CXX_LANGUAGE_STANDARD = "gnu++0x";
				CLANG_CXX_LIBRARY = "libc++";
				CLANG_ENABLE_MODULES = YES;
				CLANG_ENABLE_OBJC_ARC = YES;
				CLANG_WARN_BOOL_CONVERSION = YES;
				CLANG_WARN_CONSTANT_CONVERSION = YES;
				CLANG_WARN_DIRECT_OBJC_ISA_USAGE = YES_ERROR;
				CLANG_WARN_DOCUMENTATION_COMMENTS = YES;
				CLANG_WARN_EMPTY_BODY = YES;
				CLANG_WARN_ENUM_CONVERSION = YES;
				CLANG_WARN_INFINITE_RECURSION = YES;
				CLANG_WARN_INT_CONVERSION = YES;
				CLANG_WARN_OBJC_ROOT_CLASS = YES_ERROR;
				CLANG_WARN_SUSPICIOUS_MOVE = YES;
				CLANG_WARN_UNREACHABLE_CODE = YES;
				CLANG_WARN__DUPLICATE_METHOD_MATCH = YES;
				CODE_SIGN_IDENTITY = "-";
				COPY_PHASE_STRIP = NO;
				DEBUG_INFORMATION_FORMAT = dwarf;
				ENABLE_STRICT_OBJC_MSGSEND = YES;
				ENABLE_TESTABILITY = YES;
				GCC_C_LANGUAGE_STANDARD = gnu99;
				GCC_DYNAMIC_NO_PIC = NO;
				GCC_NO_COMMON_BLOCKS = YES;
				GCC_OPTIMIZATION_LEVEL = 0;
				GCC_PREPROCESSOR_DEFINITIONS = (
					"DEBUG=1",
					"$(inherited)",
				);
				GCC_WARN_64_TO_32_BIT_CONVERSION = YES;
				GCC_WARN_ABOUT_RETURN_TYPE = YES_ERROR;
				GCC_WARN_UNDECLARED_SELECTOR = YES;
				GCC_WARN_UNINITIALIZED_AUTOS = YES_AGGRESSIVE;
				GCC_WARN_UNUSED_FUNCTION = YES;
				GCC_WARN_UNUSED_VARIABLE = YES;
				MACOSX_DEPLOYMENT_TARGET = 10.12;
				MTL_ENABLE_DEBUG_INFO = YES;
				ONLY_ACTIVE_ARCH = YES;
				SDKROOT = macosx;
				SWIFT_ACTIVE_COMPILATION_CONDITIONS = DEBUG;
				SWIFT_OPTIMIZATION_LEVEL = "-Onone";
			};
			name = Debug;
		};
		384ED86D1F3002CE00A9AA90 /* Release */ = {
			isa = XCBuildConfiguration;
			buildSettings = {
				ALWAYS_SEARCH_USER_PATHS = NO;
				CLANG_ANALYZER_NONNULL = YES;
				CLANG_ANALYZER_NUMBER_OBJECT_CONVERSION = YES_AGGRESSIVE;
				CLANG_CXX_LANGUAGE_STANDARD = "gnu++0x";
				CLANG_CXX_LIBRARY = "libc++";
				CLANG_ENABLE_MODULES = YES;
				CLANG_ENABLE_OBJC_ARC = YES;
				CLANG_WARN_BOOL_CONVERSION = YES;
				CLANG_WARN_CONSTANT_CONVERSION = YES;
				CLANG_WARN_DIRECT_OBJC_ISA_USAGE = YES_ERROR;
				CLANG_WARN_DOCUMENTATION_COMMENTS = YES;
				CLANG_WARN_EMPTY_BODY = YES;
				CLANG_WARN_ENUM_CONVERSION = YES;
				CLANG_WARN_INFINITE_RECURSION = YES;
				CLANG_WARN_INT_CONVERSION = YES;
				CLANG_WARN_OBJC_ROOT_CLASS = YES_ERROR;
				CLANG_WARN_SUSPICIOUS_MOVE = YES;
				CLANG_WARN_UNREACHABLE_CODE = YES;
				CLANG_WARN__DUPLICATE_METHOD_MATCH = YES;
				CODE_SIGN_IDENTITY = "-";
				COPY_PHASE_STRIP = NO;
				DEBUG_INFORMATION_FORMAT = "dwarf-with-dsym";
				ENABLE_NS_ASSERTIONS = NO;
				ENABLE_STRICT_OBJC_MSGSEND = YES;
				GCC_C_LANGUAGE_STANDARD = gnu99;
				GCC_NO_COMMON_BLOCKS = YES;
				GCC_WARN_64_TO_32_BIT_CONVERSION = YES;
				GCC_WARN_ABOUT_RETURN_TYPE = YES_ERROR;
				GCC_WARN_UNDECLARED_SELECTOR = YES;
				GCC_WARN_UNINITIALIZED_AUTOS = YES_AGGRESSIVE;
				GCC_WARN_UNUSED_FUNCTION = YES;
				GCC_WARN_UNUSED_VARIABLE = YES;
				MACOSX_DEPLOYMENT_TARGET = 10.12;
				MTL_ENABLE_DEBUG_INFO = NO;
				SDKROOT = macosx;
				SWIFT_OPTIMIZATION_LEVEL = "-Owholemodule";
			};
			name = Release;
		};
		384ED86F1F3002CE00A9AA90 /* Debug */ = {
			isa = XCBuildConfiguration;
			buildSettings = {
				ASSETCATALOG_COMPILER_APPICON_NAME = AppIcon;
				COMBINE_HIDPI_IMAGES = YES;
				DEVELOPMENT_TEAM = F336DSZ4D9;
				INFOPLIST_FILE = GuessGame/Info.plist;
				LD_RUNPATH_SEARCH_PATHS = "$(inherited) @executable_path/../Frameworks";
				PRODUCT_BUNDLE_IDENTIFIER = kaiching.org.GuessGame;
				PRODUCT_NAME = "$(TARGET_NAME)";
				SWIFT_VERSION = 3.0;
			};
			name = Debug;
		};
		384ED8701F3002CE00A9AA90 /* Release */ = {
			isa = XCBuildConfiguration;
			buildSettings = {
				ASSETCATALOG_COMPILER_APPICON_NAME = AppIcon;
				COMBINE_HIDPI_IMAGES = YES;
				DEVELOPMENT_TEAM = F336DSZ4D9;
				INFOPLIST_FILE = GuessGame/Info.plist;
				LD_RUNPATH_SEARCH_PATHS = "$(inherited) @executable_path/../Frameworks";
				PRODUCT_BUNDLE_IDENTIFIER = kaiching.org.GuessGame;
				PRODUCT_NAME = "$(TARGET_NAME)";
				SWIFT_VERSION = 3.0;
			};
			name = Release;
		};
/* End XCBuildConfiguration section */

/* Begin XCConfigurationList section */
		384ED85A1F3002CD00A9AA90 /* Build configuration list for PBXProject "GuessGame" */ = {
			isa = XCConfigurationList;
			buildConfigurations = (
				384ED86C1F3002CE00A9AA90 /* Debug */,
				384ED86D1F3002CE00A9AA90 /* Release */,
			);
			defaultConfigurationIsVisible = 0;
			defaultConfigurationName = Release;
		};
		384ED86E1F3002CE00A9AA90 /* Build configuration list for PBXNativeTarget "GuessGame" */ = {
			isa = XCConfigurationList;
			buildConfigurations = (
				384ED86F1F3002CE00A9AA90 /* Debug */,
				384ED8701F3002CE00A9AA90 /* Release */,
			);
			defaultConfigurationIsVisible = 0;
		};
/* End XCConfigurationList section */
	};
	rootObject = 384ED8571F3002CD00A9AA90 /* Project object */;
}
